{
  "name": "hls-testing",
  "version": "1.0.0",
  "lockfileVersion": 3,
  "requires": true,
  "packages": {
    "": {
      "name": "hls-testing",
      "version": "1.0.0",
      "license": "ISC",
      "dependencies": {
        "hls-parser": "^0.10.8"
      }
    },
    "node_modules/hls-parser": {
      "version": "0.10.8",
      "resolved": "https://registry.npmjs.org/hls-parser/-/hls-parser-0.10.8.tgz",
      "integrity": "sha512-7FSqn7HYqXEW7I3qcgHJbtpNzi2nLKlBblPvHV6Uc6esVZ8JGfN3xUV7739gfaOh+w/O6TFxysLyW3GeLlAJTA=="
    }
  }
}
